
Microsoft Visual Studio Solution File, Format Version 12.00
# Visual Studio Version 17
VisualStudioVersion = 17.5.33424.131
MinimumVisualStudioVersion = 10.0.40219.1
Project("{2150E333-8FDC-42A3-9474-1A3956D46DE8}") = "Application", "Application", "{A7867EFD-DD82-4E00-B3F0-14CE01102B84}"
EndProject
Project("{2150E333-8FDC-42A3-9474-1A3956D46DE8}") = "Core", "Core", "{ACAE2059-E80E-4BAB-90FE-3C8FD6CA89F4}"
EndProject
Project("{2150E333-8FDC-42A3-9474-1A3956D46DE8}") = "Solution Items", "Solution Items", "{287181C0-4726-4FEA-8032-C7A0AFF9B986}"
	ProjectSection(SolutionItems) = preProject
		.editorconfig = .editorconfig
	EndProjectSection
EndProject
Project("{2150E333-8FDC-42A3-9474-1A3956D46DE8}") = "Tests", "Tests", "{C01DD17D-AD1B-42E1-BF82-83A44C23307E}"
EndProject
Project("{9A19103F-16F7-4668-BE54-9A1E7A4F7556}") = "STX.Access.Test", "Tests\STX.Access.Test\STX.Access.Test.csproj", "{60AC53F5-0740-425B-A87C-936659A5E0E5}"
EndProject
Project("{9A19103F-16F7-4668-BE54-9A1E7A4F7556}") = "STX.Core.Access", "Core\STX.Core.Access\STX.Core.Access.csproj", "{142734EE-51E8-4006-AA97-B129ED3BF0A9}"
EndProject
Project("{9A19103F-16F7-4668-BE54-9A1E7A4F7556}") = "StressTest", "Tests\StressTest\StressTest.csproj", "{ECC5BA91-A9DC-4A5C-AED7-6A8258662E2A}"
EndProject
Project("{9A19103F-16F7-4668-BE54-9A1E7A4F7556}") = "LauncherID", "Application\LauncherID\LauncherID.csproj", "{32351C31-754A-43C1-8E72-0E58DBEF2443}"
EndProject
Project("{2150E333-8FDC-42A3-9474-1A3956D46DE8}") = "App", "App", "{E22F3197-D33F-4937-A0C2-21E9A1336942}"
EndProject
Project("{2150E333-8FDC-42A3-9474-1A3956D46DE8}") = "Modules", "Modules", "{FCE2369E-7A06-40F9-8860-DB84F763D3D2}"
EndProject
Project("{9A19103F-16F7-4668-BE54-9A1E7A4F7556}") = "STX.App.Core.INF", "App\Modules\STX.App.Core.INF\STX.App.Core.INF.csproj", "{F82F8892-16DB-408A-AB22-6896E7D14418}"
EndProject
Project("{9A19103F-16F7-4668-BE54-9A1E7A4F7556}") = "STX.App.Core.MDL", "App\Modules\STX.App.Core.MDL\STX.App.Core.MDL.csproj", "{3863D533-B000-4584-A5B7-D91229FA279F}"
EndProject
Project("{9A19103F-16F7-4668-BE54-9A1E7A4F7556}") = "STX.App.Core.API", "App\Modules\STX.App.Core.API\STX.App.Core.API.csproj", "{2C1BA8F5-28E4-450B-ACEF-69E9B3F01CF0}"
EndProject
Project("{9A19103F-16F7-4668-BE54-9A1E7A4F7556}") = "STX.Core", "Core\STX.Core\STX.Core.csproj", "{F16E0EB9-67A7-4496-B85A-39A6564437EF}"
EndProject
Project("{9A19103F-16F7-4668-BE54-9A1E7A4F7556}") = "STX.App.Core.RLE", "App\Modules\STX.App.Core.RLE\STX.App.Core.RLE.csproj", "{D4825C70-060B-4D50-84BD-60D8E31458F0}"
EndProject
Project("{2150E333-8FDC-42A3-9474-1A3956D46DE8}") = "Launchers", "Launchers", "{0E6A2774-4817-4B40-9969-A83EC75A6BB8}"
EndProject
Project("{9A19103F-16F7-4668-BE54-9A1E7A4F7556}") = "Launcher", "App\Launchers\Launcher\Launcher.csproj", "{F3B7BD14-F9C9-4E32-863C-0AFC346A921F}"
EndProject
Project("{54A90642-561A-4BB1-A94E-469ADEE60C69}") = "STX-Core", "Core\STX-Core\STX-Core.esproj", "{211B04DC-ECFC-410F-B98A-D3C5210C7BDD}"
EndProject
Project("{9092AA53-FB77-4645-B42D-1CCCA6BD08BD}") = "WebUI", "App\Launchers\WebUI\WebUI.njsproj", "{BFC13E6B-BF88-4291-BADC-23DFA1D104CD}"
EndProject
Global
	GlobalSection(SolutionConfigurationPlatforms) = preSolution
		Debug|Any CPU = Debug|Any CPU
		Release|Any CPU = Release|Any CPU
	EndGlobalSection
	GlobalSection(ProjectConfigurationPlatforms) = postSolution
		{60AC53F5-0740-425B-A87C-936659A5E0E5}.Debug|Any CPU.ActiveCfg = Debug|Any CPU
		{60AC53F5-0740-425B-A87C-936659A5E0E5}.Debug|Any CPU.Build.0 = Debug|Any CPU
		{60AC53F5-0740-425B-A87C-936659A5E0E5}.Release|Any CPU.ActiveCfg = Release|Any CPU
		{60AC53F5-0740-425B-A87C-936659A5E0E5}.Release|Any CPU.Build.0 = Release|Any CPU
		{142734EE-51E8-4006-AA97-B129ED3BF0A9}.Debug|Any CPU.ActiveCfg = Debug|Any CPU
		{142734EE-51E8-4006-AA97-B129ED3BF0A9}.Debug|Any CPU.Build.0 = Debug|Any CPU
		{142734EE-51E8-4006-AA97-B129ED3BF0A9}.Release|Any CPU.ActiveCfg = Release|Any CPU
		{142734EE-51E8-4006-AA97-B129ED3BF0A9}.Release|Any CPU.Build.0 = Release|Any CPU
		{ECC5BA91-A9DC-4A5C-AED7-6A8258662E2A}.Debug|Any CPU.ActiveCfg = Debug|Any CPU
		{ECC5BA91-A9DC-4A5C-AED7-6A8258662E2A}.Debug|Any CPU.Build.0 = Debug|Any CPU
		{ECC5BA91-A9DC-4A5C-AED7-6A8258662E2A}.Release|Any CPU.ActiveCfg = Release|Any CPU
		{ECC5BA91-A9DC-4A5C-AED7-6A8258662E2A}.Release|Any CPU.Build.0 = Release|Any CPU
		{32351C31-754A-43C1-8E72-0E58DBEF2443}.Debug|Any CPU.ActiveCfg = Debug|Any CPU
		{32351C31-754A-43C1-8E72-0E58DBEF2443}.Debug|Any CPU.Build.0 = Debug|Any CPU
		{32351C31-754A-43C1-8E72-0E58DBEF2443}.Release|Any CPU.ActiveCfg = Release|Any CPU
		{32351C31-754A-43C1-8E72-0E58DBEF2443}.Release|Any CPU.Build.0 = Release|Any CPU
		{F82F8892-16DB-408A-AB22-6896E7D14418}.Debug|Any CPU.ActiveCfg = Debug|Any CPU
		{F82F8892-16DB-408A-AB22-6896E7D14418}.Debug|Any CPU.Build.0 = Debug|Any CPU
		{F82F8892-16DB-408A-AB22-6896E7D14418}.Release|Any CPU.ActiveCfg = Release|Any CPU
		{F82F8892-16DB-408A-AB22-6896E7D14418}.Release|Any CPU.Build.0 = Release|Any CPU
		{3863D533-B000-4584-A5B7-D91229FA279F}.Debug|Any CPU.ActiveCfg = Debug|Any CPU
		{3863D533-B000-4584-A5B7-D91229FA279F}.Debug|Any CPU.Build.0 = Debug|Any CPU
		{3863D533-B000-4584-A5B7-D91229FA279F}.Release|Any CPU.ActiveCfg = Release|Any CPU
		{3863D533-B000-4584-A5B7-D91229FA279F}.Release|Any CPU.Build.0 = Release|Any CPU
		{2C1BA8F5-28E4-450B-ACEF-69E9B3F01CF0}.Debug|Any CPU.ActiveCfg = Debug|Any CPU
		{2C1BA8F5-28E4-450B-ACEF-69E9B3F01CF0}.Debug|Any CPU.Build.0 = Debug|Any CPU
		{2C1BA8F5-28E4-450B-ACEF-69E9B3F01CF0}.Release|Any CPU.ActiveCfg = Release|Any CPU
		{2C1BA8F5-28E4-450B-ACEF-69E9B3F01CF0}.Release|Any CPU.Build.0 = Release|Any CPU
		{F16E0EB9-67A7-4496-B85A-39A6564437EF}.Debug|Any CPU.ActiveCfg = Debug|Any CPU
		{F16E0EB9-67A7-4496-B85A-39A6564437EF}.Debug|Any CPU.Build.0 = Debug|Any CPU
		{F16E0EB9-67A7-4496-B85A-39A6564437EF}.Release|Any CPU.ActiveCfg = Release|Any CPU
		{F16E0EB9-67A7-4496-B85A-39A6564437EF}.Release|Any CPU.Build.0 = Release|Any CPU
		{D4825C70-060B-4D50-84BD-60D8E31458F0}.Debug|Any CPU.ActiveCfg = Debug|Any CPU
		{D4825C70-060B-4D50-84BD-60D8E31458F0}.Debug|Any CPU.Build.0 = Debug|Any CPU
		{D4825C70-060B-4D50-84BD-60D8E31458F0}.Release|Any CPU.ActiveCfg = Release|Any CPU
		{D4825C70-060B-4D50-84BD-60D8E31458F0}.Release|Any CPU.Build.0 = Release|Any CPU
		{F3B7BD14-F9C9-4E32-863C-0AFC346A921F}.Debug|Any CPU.ActiveCfg = Debug|Any CPU
		{F3B7BD14-F9C9-4E32-863C-0AFC346A921F}.Debug|Any CPU.Build.0 = Debug|Any CPU
		{F3B7BD14-F9C9-4E32-863C-0AFC346A921F}.Release|Any CPU.ActiveCfg = Release|Any CPU
		{F3B7BD14-F9C9-4E32-863C-0AFC346A921F}.Release|Any CPU.Build.0 = Release|Any CPU
		{211B04DC-ECFC-410F-B98A-D3C5210C7BDD}.Debug|Any CPU.ActiveCfg = Debug|Any CPU
		{211B04DC-ECFC-410F-B98A-D3C5210C7BDD}.Release|Any CPU.ActiveCfg = Release|Any CPU
		{211B04DC-ECFC-410F-B98A-D3C5210C7BDD}.Release|Any CPU.Build.0 = Release|Any CPU
		{211B04DC-ECFC-410F-B98A-D3C5210C7BDD}.Release|Any CPU.Deploy.0 = Release|Any CPU
		{BFC13E6B-BF88-4291-BADC-23DFA1D104CD}.Debug|Any CPU.ActiveCfg = Debug|Any CPU
		{BFC13E6B-BF88-4291-BADC-23DFA1D104CD}.Debug|Any CPU.Build.0 = Debug|Any CPU
		{BFC13E6B-BF88-4291-BADC-23DFA1D104CD}.Release|Any CPU.ActiveCfg = Release|Any CPU
		{BFC13E6B-BF88-4291-BADC-23DFA1D104CD}.Release|Any CPU.Build.0 = Release|Any CPU
	EndGlobalSection
	GlobalSection(SolutionProperties) = preSolution
		HideSolutionNode = FALSE
	EndGlobalSection
	GlobalSection(NestedProjects) = preSolution
		{60AC53F5-0740-425B-A87C-936659A5E0E5} = {C01DD17D-AD1B-42E1-BF82-83A44C23307E}
		{142734EE-51E8-4006-AA97-B129ED3BF0A9} = {ACAE2059-E80E-4BAB-90FE-3C8FD6CA89F4}
		{ECC5BA91-A9DC-4A5C-AED7-6A8258662E2A} = {C01DD17D-AD1B-42E1-BF82-83A44C23307E}
		{32351C31-754A-43C1-8E72-0E58DBEF2443} = {A7867EFD-DD82-4E00-B3F0-14CE01102B84}
		{FCE2369E-7A06-40F9-8860-DB84F763D3D2} = {E22F3197-D33F-4937-A0C2-21E9A1336942}
		{F82F8892-16DB-408A-AB22-6896E7D14418} = {FCE2369E-7A06-40F9-8860-DB84F763D3D2}
		{3863D533-B000-4584-A5B7-D91229FA279F} = {FCE2369E-7A06-40F9-8860-DB84F763D3D2}
		{2C1BA8F5-28E4-450B-ACEF-69E9B3F01CF0} = {FCE2369E-7A06-40F9-8860-DB84F763D3D2}
		{F16E0EB9-67A7-4496-B85A-39A6564437EF} = {ACAE2059-E80E-4BAB-90FE-3C8FD6CA89F4}
		{D4825C70-060B-4D50-84BD-60D8E31458F0} = {FCE2369E-7A06-40F9-8860-DB84F763D3D2}
		{0E6A2774-4817-4B40-9969-A83EC75A6BB8} = {FCE2369E-7A06-40F9-8860-DB84F763D3D2}
		{F3B7BD14-F9C9-4E32-863C-0AFC346A921F} = {0E6A2774-4817-4B40-9969-A83EC75A6BB8}
		{211B04DC-ECFC-410F-B98A-D3C5210C7BDD} = {ACAE2059-E80E-4BAB-90FE-3C8FD6CA89F4}
		{BFC13E6B-BF88-4291-BADC-23DFA1D104CD} = {0E6A2774-4817-4B40-9969-A83EC75A6BB8}
	EndGlobalSection
	GlobalSection(ExtensibilityGlobals) = postSolution
		SolutionGuid = {37BBCA9E-6156-43DD-B5AF-95AE07B73EDF}
	EndGlobalSection
EndGlobal
